
Microsoft Visual Studio Solution File, Format Version 12.00
Project("{FAE04EC0-301F-11D3-BF4B-00C04F79EFBC}") = "runtime", "runtime\runtime.csproj", "{51B2EF75-3499-4F4C-AA8C-C54739611BAB}"
EndProject
Project("{FAE04EC0-301F-11D3-BF4B-00C04F79EFBC}") = "test", "test\test.csproj", "{94D44F23-CC72-4FA0-8FCA-FF43533376FB}"
EndProject
Project("{FAE04EC0-301F-11D3-BF4B-00C04F79EFBC}") = "sandbox", "sandbox\sandbox.csproj", "{DD76A34F-BB7D-4A05-A09A-77A4816CFD4F}"
EndProject
Project("{FAE04EC0-301F-11D3-BF4B-00C04F79EFBC}") = "RuntimeGenerator", "RuntimeGenerator\RuntimeGenerator.csproj", "{ADA872B0-4CB0-4219-A67C-B516B544518C}"
EndProject
Global
	GlobalSection(SolutionConfigurationPlatforms) = preSolution
		Debug|Any CPU = Debug|Any CPU
		Release|Any CPU = Release|Any CPU
	EndGlobalSection
	GlobalSection(ProjectConfigurationPlatforms) = postSolution
		{51B2EF75-3499-4F4C-AA8C-C54739611BAB}.Debug|Any CPU.ActiveCfg = Debug|Any CPU
		{51B2EF75-3499-4F4C-AA8C-C54739611BAB}.Debug|Any CPU.Build.0 = Debug|Any CPU
		{51B2EF75-3499-4F4C-AA8C-C54739611BAB}.Release|Any CPU.ActiveCfg = Release|Any CPU
		{51B2EF75-3499-4F4C-AA8C-C54739611BAB}.Release|Any CPU.Build.0 = Release|Any CPU
		{94D44F23-CC72-4FA0-8FCA-FF43533376FB}.Debug|Any CPU.ActiveCfg = Debug|Any CPU
		{94D44F23-CC72-4FA0-8FCA-FF43533376FB}.Debug|Any CPU.Build.0 = Debug|Any CPU
		{94D44F23-CC72-4FA0-8FCA-FF43533376FB}.Release|Any CPU.ActiveCfg = Release|Any CPU
		{94D44F23-CC72-4FA0-8FCA-FF43533376FB}.Release|Any CPU.Build.0 = Release|Any CPU
		{DD76A34F-BB7D-4A05-A09A-77A4816CFD4F}.Debug|Any CPU.ActiveCfg = Debug|Any CPU
		{DD76A34F-BB7D-4A05-A09A-77A4816CFD4F}.Debug|Any CPU.Build.0 = Debug|Any CPU
		{DD76A34F-BB7D-4A05-A09A-77A4816CFD4F}.Release|Any CPU.ActiveCfg = Release|Any CPU
		{DD76A34F-BB7D-4A05-A09A-77A4816CFD4F}.Release|Any CPU.Build.0 = Release|Any CPU
		{ADA872B0-4CB0-4219-A67C-B516B544518C}.Debug|Any CPU.ActiveCfg = Debug|Any CPU
		{ADA872B0-4CB0-4219-A67C-B516B544518C}.Debug|Any CPU.Build.0 = Debug|Any CPU
		{ADA872B0-4CB0-4219-A67C-B516B544518C}.Release|Any CPU.ActiveCfg = Release|Any CPU
		{ADA872B0-4CB0-4219-A67C-B516B544518C}.Release|Any CPU.Build.0 = Release|Any CPU
	EndGlobalSection
EndGlobal
